{
  "name": "ai-gitlab-agent",
  "version": "0.1.0",
  "lockfileVersion": 3,
  "requires": true,
  "packages": {
    "": {
      "name": "ai-gitlab-agent",
      "version": "0.1.0",
      "bin": {
        "ai-runner": "ai-runner.js"
      },
      "engines": {
        "node": ">=22"
      }
    }
  }
}
